// !$*UTF8*$!
{
	archiveVersion = 1;
	classes = {
	};
	objectVersion = 50;
	objects = {

/* Begin PBXBuildFile section */
		7A47CA9B2396D010001CCCA4 /* AppDelegate.swift in Sources */ = {isa = PBXBuildFile; fileRef = 7A47CA9A2396D010001CCCA4 /* AppDelegate.swift */; };
		7A47CA9D2396D010001CCCA4 /* SceneDelegate.swift in Sources */ = {isa = PBXBuildFile; fileRef = 7A47CA9C2396D010001CCCA4 /* SceneDelegate.swift */; };
		7A47CA9F2396D010001CCCA4 /* ContentView.swift in Sources */ = {isa = PBXBuildFile; fileRef = 7A47CA9E2396D010001CCCA4 /* ContentView.swift */; };
		7A47CAA12396D013001CCCA4 /* Assets.xcassets in Resources */ = {isa = PBXBuildFile; fileRef = 7A47CAA02396D013001CCCA4 /* Assets.xcassets */; };
		7A47CAA42396D013001CCCA4 /* Preview Assets.xcassets in Resources */ = {isa = PBXBuildFile; fileRef = 7A47CAA32396D013001CCCA4 /* Preview Assets.xcassets */; };
		7A47CAA72396D013001CCCA4 /* LaunchScreen.storyboard in Resources */ = {isa = PBXBuildFile; fileRef = 7A47CAA52396D013001CCCA4 /* LaunchScreen.storyboard */; };
		7A47CAAF2396D04A001CCCA4 /* Book.swift in Sources */ = {isa = PBXBuildFile; fileRef = 7A47CAAE2396D04A001CCCA4 /* Book.swift */; };
		7A47CAB12396D053001CCCA4 /* BookController.swift in Sources */ = {isa = PBXBuildFile; fileRef = 7A47CAB02396D053001CCCA4 /* BookController.swift */; };
		7A47CAB32396D5A5001CCCA4 /* AddNewBookView.swift in Sources */ = {isa = PBXBuildFile; fileRef = 7A47CAB22396D5A5001CCCA4 /* AddNewBookView.swift */; };
		7A47CAB52396E016001CCCA4 /* RowView.swift in Sources */ = {isa = PBXBuildFile; fileRef = 7A47CAB42396E016001CCCA4 /* RowView.swift */; };
/* End PBXBuildFile section */

/* Begin PBXFileReference section */
		7A47CA972396D010001CCCA4 /* ReadingList.app */ = {isa = PBXFileReference; explicitFileType = wrapper.application; includeInIndex = 0; path = ReadingList.app; sourceTree = BUILT_PRODUCTS_DIR; };
		7A47CA9A2396D010001CCCA4 /* AppDelegate.swift */ = {isa = PBXFileReference; lastKnownFileType = sourcecode.swift; path = AppDelegate.swift; sourceTree = "<group>"; };
		7A47CA9C2396D010001CCCA4 /* SceneDelegate.swift */ = {isa = PBXFileReference; lastKnownFileType = sourcecode.swift; path = SceneDelegate.swift; sourceTree = "<group>"; };
		7A47CA9E2396D010001CCCA4 /* ContentView.swift */ = {isa = PBXFileReference; lastKnownFileType = sourcecode.swift; path = ContentView.swift; sourceTree = "<group>"; };
		7A47CAA02396D013001CCCA4 /* Assets.xcassets */ = {isa = PBXFileReference; lastKnownFileType = folder.assetcatalog; path = Assets.xcassets; sourceTree = "<group>"; };
		7A47CAA32396D013001CCCA4 /* Preview Assets.xcassets */ = {isa = PBXFileReference; lastKnownFileType = folder.assetcatalog; path = "Preview Assets.xcassets"; sourceTree = "<group>"; };
		7A47CAA62396D013001CCCA4 /* Base */ = {isa = PBXFileReference; lastKnownFileType = file.storyboard; name = Base; path = Base.lproj/LaunchScreen.storyboard; sourceTree = "<group>"; };
		7A47CAA82396D013001CCCA4 /* Info.plist */ = {isa = PBXFileReference; lastKnownFileType = text.plist.xml; path = Info.plist; sourceTree = "<group>"; };
		7A47CAAE2396D04A001CCCA4 /* Book.swift */ = {isa = PBXFileReference; lastKnownFileType = sourcecode.swift; path = Book.swift; sourceTree = "<group>"; };
		7A47CAB02396D053001CCCA4 /* BookController.swift */ = {isa = PBXFileReference; lastKnownFileType = sourcecode.swift; path = BookController.swift; sourceTree = "<group>"; };
		7A47CAB22396D5A5001CCCA4 /* AddNewBookView.swift */ = {isa = PBXFileReference; lastKnownFileType = sourcecode.swift; path = AddNewBookView.swift; sourceTree = "<group>"; };
		7A47CAB42396E016001CCCA4 /* RowView.swift */ = {isa = PBXFileReference; lastKnownFileType = sourcecode.swift; path = RowView.swift; sourceTree = "<group>"; };
/* End PBXFileReference section */

/* Begin PBXFrameworksBuildPhase section */
		7A47CA942396D010001CCCA4 /* Frameworks */ = {
			isa = PBXFrameworksBuildPhase;
			buildActionMask = 2147483647;
			files = (
			);
			runOnlyForDeploymentPostprocessing = 0;
		};
/* End PBXFrameworksBuildPhase section */

/* Begin PBXGroup section */
		7A30036C23A67ADA007C6F80 /* Views */ = {
			isa = PBXGroup;
			children = (
				7A47CA9E2396D010001CCCA4 /* ContentView.swift */,
				7A47CAB42396E016001CCCA4 /* RowView.swift */,
				7A47CAB22396D5A5001CCCA4 /* AddNewBookView.swift */,
			);
			path = Views;
			sourceTree = "<group>";
		};
		7A47CA8E2396D010001CCCA4 = {
			isa = PBXGroup;
			children = (
				7A47CA992396D010001CCCA4 /* ReadingList */,
				7A47CA982396D010001CCCA4 /* Products */,
			);
			sourceTree = "<group>";
		};
		7A47CA982396D010001CCCA4 /* Products */ = {
			isa = PBXGroup;
			children = (
				7A47CA972396D010001CCCA4 /* ReadingList.app */,
			);
			name = Products;
			sourceTree = "<group>";
		};
		7A47CA992396D010001CCCA4 /* ReadingList */ = {
			isa = PBXGroup;
			children = (
				7A47CA9A2396D010001CCCA4 /* AppDelegate.swift */,
				7A47CA9C2396D010001CCCA4 /* SceneDelegate.swift */,
				7A538A26239D8848005B9E1E /* Model */,
				7A538A27239D884E005B9E1E /* Model Controller */,
				7A30036C23A67ADA007C6F80 /* Views */,
				7A47CAA02396D013001CCCA4 /* Assets.xcassets */,
				7A47CAA52396D013001CCCA4 /* LaunchScreen.storyboard */,
				7A47CAA82396D013001CCCA4 /* Info.plist */,
				7A47CAA22396D013001CCCA4 /* Preview Content */,
			);
			path = ReadingList;
			sourceTree = "<group>";
		};
		7A47CAA22396D013001CCCA4 /* Preview Content */ = {
			isa = PBXGroup;
			children = (
				7A47CAA32396D013001CCCA4 /* Preview Assets.xcassets */,
			);
			path = "Preview Content";
			sourceTree = "<group>";
		};
		7A538A26239D8848005B9E1E /* Model */ = {
			isa = PBXGroup;
			children = (
				7A47CAAE2396D04A001CCCA4 /* Book.swift */,
			);
			path = Model;
			sourceTree = "<group>";
		};
		7A538A27239D884E005B9E1E /* Model Controller */ = {
			isa = PBXGroup;
			children = (
				7A47CAB02396D053001CCCA4 /* BookController.swift */,
			);
			path = "Model Controller";
			sourceTree = "<group>";
		};
/* End PBXGroup section */

/* Begin PBXNativeTarget section */
		7A47CA962396D010001CCCA4 /* ReadingList */ = {
			isa = PBXNativeTarget;
			buildConfigurationList = 7A47CAAB2396D013001CCCA4 /* Build configuration list for PBXNativeTarget "ReadingList" */;
			buildPhases = (
				7A47CA932396D010001CCCA4 /* Sources */,
				7A47CA942396D010001CCCA4 /* Frameworks */,
				7A47CA952396D010001CCCA4 /* Resources */,
			);
			buildRules = (
			);
			dependencies = (
			);
			name = ReadingList;
			productName = ReadingList;
			productReference = 7A47CA972396D010001CCCA4 /* ReadingList.app */;
			productType = "com.apple.product-type.application";
		};
/* End PBXNativeTarget section */

/* Begin PBXProject section */
		7A47CA8F2396D010001CCCA4 /* Project object */ = {
			isa = PBXProject;
			attributes = {
				LastSwiftUpdateCheck = 1120;
				LastUpgradeCheck = 1120;
				ORGANIZATIONNAME = "Nelson Gonzalez";
				TargetAttributes = {
					7A47CA962396D010001CCCA4 = {
						CreatedOnToolsVersion = 11.2.1;
					};
				};
			};
			buildConfigurationList = 7A47CA922396D010001CCCA4 /* Build configuration list for PBXProject "ReadingList" */;
			compatibilityVersion = "Xcode 9.3";
			developmentRegion = en;
			hasScannedForEncodings = 0;
			knownRegions = (
				en,
				Base,
			);
			mainGroup = 7A47CA8E2396D010001CCCA4;
			productRefGroup = 7A47CA982396D010001CCCA4 /* Products */;
			projectDirPath = "";
			projectRoot = "";
			targets = (
				7A47CA962396D010001CCCA4 /* ReadingList */,
			);
		};
/* End PBXProject section */

/* Begin PBXResourcesBuildPhase section */
		7A47CA952396D010001CCCA4 /* Resources */ = {
			isa = PBXResourcesBuildPhase;
			buildActionMask = 2147483647;
			files = (
				7A47CAA72396D013001CCCA4 /* LaunchScreen.storyboard in Resources */,
				7A47CAA42396D013001CCCA4 /* Preview Assets.xcassets in Resources */,
				7A47CAA12396D013001CCCA4 /* Assets.xcassets in Resources */,
			);
			runOnlyForDeploymentPostprocessing = 0;
		};
/* End PBXResourcesBuildPhase section */

/* Begin PBXSourcesBuildPhase section */
		7A47CA932396D010001CCCA4 /* Sources */ = {
			isa = PBXSourcesBuildPhase;
			buildActionMask = 2147483647;
			files = (
				7A47CAAF2396D04A001CCCA4 /* Book.swift in Sources */,
				7A47CAB32396D5A5001CCCA4 /* AddNewBookView.swift in Sources */,
				7A47CAB52396E016001CCCA4 /* RowView.swift in Sources */,
				7A47CAB12396D053001CCCA4 /* BookController.swift in Sources */,
				7A47CA9B2396D010001CCCA4 /* AppDelegate.swift in Sources */,
				7A47CA9D2396D010001CCCA4 /* SceneDelegate.swift in Sources */,
				7A47CA9F2396D010001CCCA4 /* ContentView.swift in Sources */,
			);
			runOnlyForDeploymentPostprocessing = 0;
		};
/* End PBXSourcesBuildPhase section */

/* Begin PBXVariantGroup section */
		7A47CAA52396D013001CCCA4 /* LaunchScreen.storyboard */ = {
			isa = PBXVariantGroup;
			children = (
				7A47CAA62396D013001CCCA4 /* Base */,
			);
			name = LaunchScreen.storyboard;
			sourceTree = "<group>";
		};
/* End PBXVariantGroup section */

/* Begin XCBuildConfiguration section */
		7A47CAA92396D013001CCCA4 /* Debug */ = {
			isa = XCBuildConfiguration;
			buildSettings = {
				ALWAYS_SEARCH_USER_PATHS = NO;
				CLANG_ANALYZER_NONNULL = YES;
				CLANG_ANALYZER_NUMBER_OBJECT_CONVERSION = YES_AGGRESSIVE;
				CLANG_CXX_LANGUAGE_STANDARD = "gnu++14";
				CLANG_CXX_LIBRARY = "libc++";
				CLANG_ENABLE_MODULES = YES;
				CLANG_ENABLE_OBJC_ARC = YES;
				CLANG_ENABLE_OBJC_WEAK = YES;
				CLANG_WARN_BLOCK_CAPTURE_AUTORELEASING = YES;
				CLANG_WARN_BOOL_CONVERSION = YES;
				CLANG_WARN_COMMA = YES;
				CLANG_WARN_CONSTANT_CONVERSION = YES;
				CLANG_WARN_DEPRECATED_OBJC_IMPLEMENTATIONS = YES;
				CLANG_WARN_DIRECT_OBJC_ISA_USAGE = YES_ERROR;
				CLANG_WARN_DOCUMENTATION_COMMENTS = YES;
				CLANG_WARN_EMPTY_BODY = YES;
				CLANG_WARN_ENUM_CONVERSION = YES;
				CLANG_WARN_INFINITE_RECURSION = YES;
				CLANG_WARN_INT_CONVERSION = YES;
				CLANG_WARN_NON_LITERAL_NULL_CONVERSION = YES;
				CLANG_WARN_OBJC_IMPLICIT_RETAIN_SELF = YES;
				CLANG_WARN_OBJC_LITERAL_CONVERSION = YES;
				CLANG_WARN_OBJC_ROOT_CLASS = YES_ERROR;
				CLANG_WARN_RANGE_LOOP_ANALYSIS = YES;
				CLANG_WARN_STRICT_PROTOTYPES = YES;
				CLANG_WARN_SUSPICIOUS_MOVE = YES;
				CLANG_WARN_UNGUARDED_AVAILABILITY = YES_AGGRESSIVE;
				CLANG_WARN_UNREACHABLE_CODE = YES;
				CLANG_WARN__DUPLICATE_METHOD_MATCH = YES;
				COPY_PHASE_STRIP = NO;
				DEBUG_INFORMATION_FORMAT = dwarf;
				ENABLE_STRICT_OBJC_MSGSEND = YES;
				ENABLE_TESTABILITY = YES;
				GCC_C_LANGUAGE_STANDARD = gnu11;
				GCC_DYNAMIC_NO_PIC = NO;
				GCC_NO_COMMON_BLOCKS = YES;
				GCC_OPTIMIZATION_LEVEL = 0;
				GCC_PREPROCESSOR_DEFINITIONS = (
					"DEBUG=1",
					"$(inherited)",
				);
				GCC_WARN_64_TO_32_BIT_CONVERSION = YES;
				GCC_WARN_ABOUT_RETURN_TYPE = YES_ERROR;
				GCC_WARN_UNDECLARED_SELECTOR = YES;
				GCC_WARN_UNINITIALIZED_AUTOS = YES_AGGRESSIVE;
				GCC_WARN_UNUSED_FUNCTION = YES;
				GCC_WARN_UNUSED_VARIABLE = YES;
				IPHONEOS_DEPLOYMENT_TARGET = 13.2;
				MTL_ENABLE_DEBUG_INFO = INCLUDE_SOURCE;
				MTL_FAST_MATH = YES;
				ONLY_ACTIVE_ARCH = YES;
				SDKROOT = iphoneos;
				SWIFT_ACTIVE_COMPILATION_CONDITIONS = DEBUG;
				SWIFT_OPTIMIZATION_LEVEL = "-Onone";
			};
			name = Debug;
		};
		7A47CAAA2396D013001CCCA4 /* Release */ = {
			isa = XCBuildConfiguration;
			buildSettings = {
				ALWAYS_SEARCH_USER_PATHS = NO;
				CLANG_ANALYZER_NONNULL = YES;
				CLANG_ANALYZER_NUMBER_OBJECT_CONVERSION = YES_AGGRESSIVE;
				CLANG_CXX_LANGUAGE_STANDARD = "gnu++14";
				CLANG_CXX_LIBRARY = "libc++";
				CLANG_ENABLE_MODULES = YES;
				CLANG_ENABLE_OBJC_ARC = YES;
				CLANG_ENABLE_OBJC_WEAK = YES;
				CLANG_WARN_BLOCK_CAPTURE_AUTORELEASING = YES;
				CLANG_WARN_BOOL_CONVERSION = YES;
				CLANG_WARN_COMMA = YES;
				CLANG_WARN_CONSTANT_CONVERSION = YES;
				CLANG_WARN_DEPRECATED_OBJC_IMPLEMENTATIONS = YES;
				CLANG_WARN_DIRECT_OBJC_ISA_USAGE = YES_ERROR;
				CLANG_WARN_DOCUMENTATION_COMMENTS = YES;
				CLANG_WARN_EMPTY_BODY = YES;
				CLANG_WARN_ENUM_CONVERSION = YES;
				CLANG_WARN_INFINITE_RECURSION = YES;
				CLANG_WARN_INT_CONVERSION = YES;
				CLANG_WARN_NON_LITERAL_NULL_CONVERSION = YES;
				CLANG_WARN_OBJC_IMPLICIT_RETAIN_SELF = YES;
				CLANG_WARN_OBJC_LITERAL_CONVERSION = YES;
				CLANG_WARN_OBJC_ROOT_CLASS = YES_ERROR;
				CLANG_WARN_RANGE_LOOP_ANALYSIS = YES;
				CLANG_WARN_STRICT_PROTOTYPES = YES;
				CLANG_WARN_SUSPICIOUS_MOVE = YES;
				CLANG_WARN_UNGUARDED_AVAILABILITY = YES_AGGRESSIVE;
				CLANG_WARN_UNREACHABLE_CODE = YES;
				CLANG_WARN__DUPLICATE_METHOD_MATCH = YES;
				COPY_PHASE_STRIP = NO;
				DEBUG_INFORMATION_FORMAT = "dwarf-with-dsym";
				ENABLE_NS_ASSERTIONS = NO;
				ENABLE_STRICT_OBJC_MSGSEND = YES;
				GCC_C_LANGUAGE_STANDARD = gnu11;
				GCC_NO_COMMON_BLOCKS = YES;
				GCC_WARN_64_TO_32_BIT_CONVERSION = YES;
				GCC_WARN_ABOUT_RETURN_TYPE = YES_ERROR;
				GCC_WARN_UNDECLARED_SELECTOR = YES;
				GCC_WARN_UNINITIALIZED_AUTOS = YES_AGGRESSIVE;
				GCC_WARN_UNUSED_FUNCTION = YES;
				GCC_WARN_UNUSED_VARIABLE = YES;
				IPHONEOS_DEPLOYMENT_TARGET = 13.2;
				MTL_ENABLE_DEBUG_INFO = NO;
				MTL_FAST_MATH = YES;
				SDKROOT = iphoneos;
				SWIFT_COMPILATION_MODE = wholemodule;
				SWIFT_OPTIMIZATION_LEVEL = "-O";
				VALIDATE_PRODUCT = YES;
			};
			name = Release;
		};
		7A47CAAC2396D013001CCCA4 /* Debug */ = {
			isa = XCBuildConfiguration;
			buildSettings = {
				ASSETCATALOG_COMPILER_APPICON_NAME = AppIcon;
				CODE_SIGN_STYLE = Automatic;
				DEVELOPMENT_ASSET_PATHS = "\"ReadingList/Preview Content\"";
				DEVELOPMENT_TEAM = ZD9LN99SX6;
				ENABLE_PREVIEWS = YES;
				INFOPLIST_FILE = ReadingList/Info.plist;
				LD_RUNPATH_SEARCH_PATHS = (
					"$(inherited)",
					"@executable_path/Frameworks",
				);
				PRODUCT_BUNDLE_IDENTIFIER = com.nelsongonzalez.ReadingList;
				PRODUCT_NAME = "$(TARGET_NAME)";
				SWIFT_VERSION = 5.0;
				TARGETED_DEVICE_FAMILY = "1,2";
			};
			name = Debug;
		};
		7A47CAAD2396D013001CCCA4 /* Release */ = {
			isa = XCBuildConfiguration;
			buildSettings = {
				ASSETCATALOG_COMPILER_APPICON_NAME = AppIcon;
				CODE_SIGN_STYLE = Automatic;
				DEVELOPMENT_ASSET_PATHS = "\"ReadingList/Preview Content\"";
				DEVELOPMENT_TEAM = ZD9LN99SX6;
				ENABLE_PREVIEWS = YES;
				INFOPLIST_FILE = ReadingList/Info.plist;
				LD_RUNPATH_SEARCH_PATHS = (
					"$(inherited)",
					"@executable_path/Frameworks",
				);
				PRODUCT_BUNDLE_IDENTIFIER = com.nelsongonzalez.ReadingList;
				PRODUCT_NAME = "$(TARGET_NAME)";
				SWIFT_VERSION = 5.0;
				TARGETED_DEVICE_FAMILY = "1,2";
			};
			name = Release;
		};
/* End XCBuildConfiguration section */

/* Begin XCConfigurationList section */
		7A47CA922396D010001CCCA4 /* Build configuration list for PBXProject "ReadingList" */ = {
			isa = XCConfigurationList;
			buildConfigurations = (
				7A47CAA92396D013001CCCA4 /* Debug */,
				7A47CAAA2396D013001CCCA4 /* Release */,
			);
			defaultConfigurationIsVisible = 0;
			defaultConfigurationName = Release;
		};
		7A47CAAB2396D013001CCCA4 /* Build configuration list for PBXNativeTarget "ReadingList" */ = {
			isa = XCConfigurationList;
			buildConfigurations = (
				7A47CAAC2396D013001CCCA4 /* Debug */,
				7A47CAAD2396D013001CCCA4 /* Release */,
			);
			defaultConfigurationIsVisible = 0;
			defaultConfigurationName = Release;
		};
/* End XCConfigurationList section */
	};
	rootObject = 7A47CA8F2396D010001CCCA4 /* Project object */;
}
